
Microsoft Visual Studio Solution File, Format Version 12.00
# Visual Studio 15
VisualStudioVersion = 15.0.28307.645
MinimumVisualStudioVersion = 10.0.40219.1
Project("{FAE04EC0-301F-11D3-BF4B-00C04F79EFBC}") = "GreenLight", "GreenLight\GreenLight.csproj", "{EDC5AE0F-F9D1-4999-93C0-21B96D577D3D}"
EndProject
Global
	GlobalSection(SolutionConfigurationPlatforms) = preSolution
		Debug|Any CPU = Debug|Any CPU
		Release|Any CPU = Release|Any CPU
	EndGlobalSection
	GlobalSection(ProjectConfigurationPlatforms) = postSolution
		{EDC5AE0F-F9D1-4999-93C0-21B96D577D3D}.Debug|Any CPU.ActiveCfg = Debug|Any CPU
		{EDC5AE0F-F9D1-4999-93C0-21B96D577D3D}.Debug|Any CPU.Build.0 = Debug|Any CPU
		{EDC5AE0F-F9D1-4999-93C0-21B96D577D3D}.Release|Any CPU.ActiveCfg = Release|Any CPU
		{EDC5AE0F-F9D1-4999-93C0-21B96D577D3D}.Release|Any CPU.Build.0 = Release|Any CPU
	EndGlobalSection
	GlobalSection(SolutionProperties) = preSolution
		HideSolutionNode = FALSE
	EndGlobalSection
	GlobalSection(ExtensibilityGlobals) = postSolution
		SolutionGuid = {44B9D4AE-9DFF-4882-8555-1CB004AC775C}
	EndGlobalSection
EndGlobal
